// !$*UTF8*$!
{
	archiveVersion = 1;
	classes = {
	};
	objectVersion = 50;
	objects = {

/* Begin PBXBuildFile section */
		C788CB0825BF730200D5ABA5 /* AppDelegate.swift in Sources */ = {isa = PBXBuildFile; fileRef = C788CB0725BF730200D5ABA5 /* AppDelegate.swift */; };
		C788CB0A25BF730200D5ABA5 /* SceneDelegate.swift in Sources */ = {isa = PBXBuildFile; fileRef = C788CB0925BF730200D5ABA5 /* SceneDelegate.swift */; };
		C788CB0F25BF730200D5ABA5 /* Main.storyboard in Resources */ = {isa = PBXBuildFile; fileRef = C788CB0D25BF730200D5ABA5 /* Main.storyboard */; };
		C788CB1125BF730300D5ABA5 /* Assets.xcassets in Resources */ = {isa = PBXBuildFile; fileRef = C788CB1025BF730300D5ABA5 /* Assets.xcassets */; };
		C788CB1425BF730300D5ABA5 /* LaunchScreen.storyboard in Resources */ = {isa = PBXBuildFile; fileRef = C788CB1225BF730300D5ABA5 /* LaunchScreen.storyboard */; };
		C788CB1F25BF730400D5ABA5 /* CoffeeShopsListTests.swift in Sources */ = {isa = PBXBuildFile; fileRef = C788CB1E25BF730400D5ABA5 /* CoffeeShopsListTests.swift */; };
		C788CB2A25BF730400D5ABA5 /* CoffeeShopsListUITests.swift in Sources */ = {isa = PBXBuildFile; fileRef = C788CB2925BF730400D5ABA5 /* CoffeeShopsListUITests.swift */; };
		C788CB3E25BF738600D5ABA5 /* ListVC.swift in Sources */ = {isa = PBXBuildFile; fileRef = C788CB3D25BF738600D5ABA5 /* ListVC.swift */; };
		C788CB4325BF73C000D5ABA5 /* APIClient.swift in Sources */ = {isa = PBXBuildFile; fileRef = C788CB4225BF73C000D5ABA5 /* APIClient.swift */; };
		C788CB4825BF73E700D5ABA5 /* FoursquareClient.swift in Sources */ = {isa = PBXBuildFile; fileRef = C788CB4725BF73E700D5ABA5 /* FoursquareClient.swift */; };
		C788CB4D25BF740500D5ABA5 /* FoursquareModel.swift in Sources */ = {isa = PBXBuildFile; fileRef = C788CB4C25BF740500D5ABA5 /* FoursquareModel.swift */; };
		C788CB5225BF743F00D5ABA5 /* ListCell.swift in Sources */ = {isa = PBXBuildFile; fileRef = C788CB5125BF743F00D5ABA5 /* ListCell.swift */; };
		C788CB5725BF745B00D5ABA5 /* LocationManager.swift in Sources */ = {isa = PBXBuildFile; fileRef = C788CB5625BF745B00D5ABA5 /* LocationManager.swift */; };
		C788CB5D25BF79AD00D5ABA5 /* MapKit.framework in Frameworks */ = {isa = PBXBuildFile; fileRef = C788CB5C25BF79AD00D5ABA5 /* MapKit.framework */; };
/* End PBXBuildFile section */

/* Begin PBXContainerItemProxy section */
		C788CB1B25BF730400D5ABA5 /* PBXContainerItemProxy */ = {
			isa = PBXContainerItemProxy;
			containerPortal = C788CAFC25BF730200D5ABA5 /* Project object */;
			proxyType = 1;
			remoteGlobalIDString = C788CB0325BF730200D5ABA5;
			remoteInfo = CoffeeShopsList;
		};
		C788CB2625BF730400D5ABA5 /* PBXContainerItemProxy */ = {
			isa = PBXContainerItemProxy;
			containerPortal = C788CAFC25BF730200D5ABA5 /* Project object */;
			proxyType = 1;
			remoteGlobalIDString = C788CB0325BF730200D5ABA5;
			remoteInfo = CoffeeShopsList;
		};
/* End PBXContainerItemProxy section */

/* Begin PBXFileReference section */
		C788CB0425BF730200D5ABA5 /* CoffeeShopsList.app */ = {isa = PBXFileReference; explicitFileType = wrapper.application; includeInIndex = 0; path = CoffeeShopsList.app; sourceTree = BUILT_PRODUCTS_DIR; };
		C788CB0725BF730200D5ABA5 /* AppDelegate.swift */ = {isa = PBXFileReference; lastKnownFileType = sourcecode.swift; path = AppDelegate.swift; sourceTree = "<group>"; };
		C788CB0925BF730200D5ABA5 /* SceneDelegate.swift */ = {isa = PBXFileReference; lastKnownFileType = sourcecode.swift; path = SceneDelegate.swift; sourceTree = "<group>"; };
		C788CB0E25BF730200D5ABA5 /* Base */ = {isa = PBXFileReference; lastKnownFileType = file.storyboard; name = Base; path = Base.lproj/Main.storyboard; sourceTree = "<group>"; };
		C788CB1025BF730300D5ABA5 /* Assets.xcassets */ = {isa = PBXFileReference; lastKnownFileType = folder.assetcatalog; path = Assets.xcassets; sourceTree = "<group>"; };
		C788CB1325BF730300D5ABA5 /* Base */ = {isa = PBXFileReference; lastKnownFileType = file.storyboard; name = Base; path = Base.lproj/LaunchScreen.storyboard; sourceTree = "<group>"; };
		C788CB1525BF730300D5ABA5 /* Info.plist */ = {isa = PBXFileReference; lastKnownFileType = text.plist.xml; path = Info.plist; sourceTree = "<group>"; };
		C788CB1A25BF730400D5ABA5 /* CoffeeShopsListTests.xctest */ = {isa = PBXFileReference; explicitFileType = wrapper.cfbundle; includeInIndex = 0; path = CoffeeShopsListTests.xctest; sourceTree = BUILT_PRODUCTS_DIR; };
		C788CB1E25BF730400D5ABA5 /* CoffeeShopsListTests.swift */ = {isa = PBXFileReference; lastKnownFileType = sourcecode.swift; path = CoffeeShopsListTests.swift; sourceTree = "<group>"; };
		C788CB2025BF730400D5ABA5 /* Info.plist */ = {isa = PBXFileReference; lastKnownFileType = text.plist.xml; path = Info.plist; sourceTree = "<group>"; };
		C788CB2525BF730400D5ABA5 /* CoffeeShopsListUITests.xctest */ = {isa = PBXFileReference; explicitFileType = wrapper.cfbundle; includeInIndex = 0; path = CoffeeShopsListUITests.xctest; sourceTree = BUILT_PRODUCTS_DIR; };
		C788CB2925BF730400D5ABA5 /* CoffeeShopsListUITests.swift */ = {isa = PBXFileReference; lastKnownFileType = sourcecode.swift; path = CoffeeShopsListUITests.swift; sourceTree = "<group>"; };
		C788CB2B25BF730400D5ABA5 /* Info.plist */ = {isa = PBXFileReference; lastKnownFileType = text.plist.xml; path = Info.plist; sourceTree = "<group>"; };
		C788CB3D25BF738600D5ABA5 /* ListVC.swift */ = {isa = PBXFileReference; lastKnownFileType = sourcecode.swift; path = ListVC.swift; sourceTree = "<group>"; };
		C788CB4225BF73C000D5ABA5 /* APIClient.swift */ = {isa = PBXFileReference; lastKnownFileType = sourcecode.swift; path = APIClient.swift; sourceTree = "<group>"; };
		C788CB4725BF73E700D5ABA5 /* FoursquareClient.swift */ = {isa = PBXFileReference; lastKnownFileType = sourcecode.swift; path = FoursquareClient.swift; sourceTree = "<group>"; };
		C788CB4C25BF740500D5ABA5 /* FoursquareModel.swift */ = {isa = PBXFileReference; lastKnownFileType = sourcecode.swift; path = FoursquareModel.swift; sourceTree = "<group>"; };
		C788CB5125BF743F00D5ABA5 /* ListCell.swift */ = {isa = PBXFileReference; lastKnownFileType = sourcecode.swift; path = ListCell.swift; sourceTree = "<group>"; };
		C788CB5625BF745B00D5ABA5 /* LocationManager.swift */ = {isa = PBXFileReference; lastKnownFileType = sourcecode.swift; path = LocationManager.swift; sourceTree = "<group>"; };
		C788CB5C25BF79AD00D5ABA5 /* MapKit.framework */ = {isa = PBXFileReference; lastKnownFileType = wrapper.framework; name = MapKit.framework; path = System/Library/Frameworks/MapKit.framework; sourceTree = SDKROOT; };
/* End PBXFileReference section */

/* Begin PBXFrameworksBuildPhase section */
		C788CB0125BF730200D5ABA5 /* Frameworks */ = {
			isa = PBXFrameworksBuildPhase;
			buildActionMask = 2147483647;
			files = (
				C788CB5D25BF79AD00D5ABA5 /* MapKit.framework in Frameworks */,
			);
			runOnlyForDeploymentPostprocessing = 0;
		};
		C788CB1725BF730400D5ABA5 /* Frameworks */ = {
			isa = PBXFrameworksBuildPhase;
			buildActionMask = 2147483647;
			files = (
			);
			runOnlyForDeploymentPostprocessing = 0;
		};
		C788CB2225BF730400D5ABA5 /* Frameworks */ = {
			isa = PBXFrameworksBuildPhase;
			buildActionMask = 2147483647;
			files = (
			);
			runOnlyForDeploymentPostprocessing = 0;
		};
/* End PBXFrameworksBuildPhase section */

/* Begin PBXGroup section */
		C788CAFB25BF730200D5ABA5 = {
			isa = PBXGroup;
			children = (
				C788CB0625BF730200D5ABA5 /* CoffeeShopsList */,
				C788CB1D25BF730400D5ABA5 /* CoffeeShopsListTests */,
				C788CB2825BF730400D5ABA5 /* CoffeeShopsListUITests */,
				C788CB0525BF730200D5ABA5 /* Products */,
				C788CB5B25BF79AC00D5ABA5 /* Frameworks */,
			);
			sourceTree = "<group>";
		};
		C788CB0525BF730200D5ABA5 /* Products */ = {
			isa = PBXGroup;
			children = (
				C788CB0425BF730200D5ABA5 /* CoffeeShopsList.app */,
				C788CB1A25BF730400D5ABA5 /* CoffeeShopsListTests.xctest */,
				C788CB2525BF730400D5ABA5 /* CoffeeShopsListUITests.xctest */,
			);
			name = Products;
			sourceTree = "<group>";
		};
		C788CB0625BF730200D5ABA5 /* CoffeeShopsList */ = {
			isa = PBXGroup;
			children = (
				C788CB0725BF730200D5ABA5 /* AppDelegate.swift */,
				C788CB0925BF730200D5ABA5 /* SceneDelegate.swift */,
				C788CB3D25BF738600D5ABA5 /* ListVC.swift */,
				C788CB4225BF73C000D5ABA5 /* APIClient.swift */,
				C788CB4725BF73E700D5ABA5 /* FoursquareClient.swift */,
				C788CB4C25BF740500D5ABA5 /* FoursquareModel.swift */,
				C788CB5125BF743F00D5ABA5 /* ListCell.swift */,
				C788CB5625BF745B00D5ABA5 /* LocationManager.swift */,
				C788CB0D25BF730200D5ABA5 /* Main.storyboard */,
				C788CB1025BF730300D5ABA5 /* Assets.xcassets */,
				C788CB1225BF730300D5ABA5 /* LaunchScreen.storyboard */,
				C788CB1525BF730300D5ABA5 /* Info.plist */,
			);
			path = CoffeeShopsList;
			sourceTree = "<group>";
		};
		C788CB1D25BF730400D5ABA5 /* CoffeeShopsListTests */ = {
			isa = PBXGroup;
			children = (
				C788CB1E25BF730400D5ABA5 /* CoffeeShopsListTests.swift */,
				C788CB2025BF730400D5ABA5 /* Info.plist */,
			);
			path = CoffeeShopsListTests;
			sourceTree = "<group>";
		};
		C788CB2825BF730400D5ABA5 /* CoffeeShopsListUITests */ = {
			isa = PBXGroup;
			children = (
				C788CB2925BF730400D5ABA5 /* CoffeeShopsListUITests.swift */,
				C788CB2B25BF730400D5ABA5 /* Info.plist */,
			);
			path = CoffeeShopsListUITests;
			sourceTree = "<group>";
		};
		C788CB5B25BF79AC00D5ABA5 /* Frameworks */ = {
			isa = PBXGroup;
			children = (
				C788CB5C25BF79AD00D5ABA5 /* MapKit.framework */,
			);
			name = Frameworks;
			sourceTree = "<group>";
		};
/* End PBXGroup section */

/* Begin PBXNativeTarget section */
		C788CB0325BF730200D5ABA5 /* CoffeeShopsList */ = {
			isa = PBXNativeTarget;
			buildConfigurationList = C788CB2E25BF730400D5ABA5 /* Build configuration list for PBXNativeTarget "CoffeeShopsList" */;
			buildPhases = (
				C788CB0025BF730200D5ABA5 /* Sources */,
				C788CB0125BF730200D5ABA5 /* Frameworks */,
				C788CB0225BF730200D5ABA5 /* Resources */,
			);
			buildRules = (
			);
			dependencies = (
			);
			name = CoffeeShopsList;
			productName = CoffeeShopsList;
			productReference = C788CB0425BF730200D5ABA5 /* CoffeeShopsList.app */;
			productType = "com.apple.product-type.application";
		};
		C788CB1925BF730400D5ABA5 /* CoffeeShopsListTests */ = {
			isa = PBXNativeTarget;
			buildConfigurationList = C788CB3125BF730400D5ABA5 /* Build configuration list for PBXNativeTarget "CoffeeShopsListTests" */;
			buildPhases = (
				C788CB1625BF730400D5ABA5 /* Sources */,
				C788CB1725BF730400D5ABA5 /* Frameworks */,
				C788CB1825BF730400D5ABA5 /* Resources */,
			);
			buildRules = (
			);
			dependencies = (
				C788CB1C25BF730400D5ABA5 /* PBXTargetDependency */,
			);
			name = CoffeeShopsListTests;
			productName = CoffeeShopsListTests;
			productReference = C788CB1A25BF730400D5ABA5 /* CoffeeShopsListTests.xctest */;
			productType = "com.apple.product-type.bundle.unit-test";
		};
		C788CB2425BF730400D5ABA5 /* CoffeeShopsListUITests */ = {
			isa = PBXNativeTarget;
			buildConfigurationList = C788CB3425BF730400D5ABA5 /* Build configuration list for PBXNativeTarget "CoffeeShopsListUITests" */;
			buildPhases = (
				C788CB2125BF730400D5ABA5 /* Sources */,
				C788CB2225BF730400D5ABA5 /* Frameworks */,
				C788CB2325BF730400D5ABA5 /* Resources */,
			);
			buildRules = (
			);
			dependencies = (
				C788CB2725BF730400D5ABA5 /* PBXTargetDependency */,
			);
			name = CoffeeShopsListUITests;
			productName = CoffeeShopsListUITests;
			productReference = C788CB2525BF730400D5ABA5 /* CoffeeShopsListUITests.xctest */;
			productType = "com.apple.product-type.bundle.ui-testing";
		};
/* End PBXNativeTarget section */

/* Begin PBXProject section */
		C788CAFC25BF730200D5ABA5 /* Project object */ = {
			isa = PBXProject;
			attributes = {
				LastSwiftUpdateCheck = 1230;
				LastUpgradeCheck = 1230;
				TargetAttributes = {
					C788CB0325BF730200D5ABA5 = {
						CreatedOnToolsVersion = 12.3;
					};
					C788CB1925BF730400D5ABA5 = {
						CreatedOnToolsVersion = 12.3;
						TestTargetID = C788CB0325BF730200D5ABA5;
					};
					C788CB2425BF730400D5ABA5 = {
						CreatedOnToolsVersion = 12.3;
						TestTargetID = C788CB0325BF730200D5ABA5;
					};
				};
			};
			buildConfigurationList = C788CAFF25BF730200D5ABA5 /* Build configuration list for PBXProject "CoffeeShopsList" */;
			compatibilityVersion = "Xcode 9.3";
			developmentRegion = en;
			hasScannedForEncodings = 0;
			knownRegions = (
				en,
				Base,
			);
			mainGroup = C788CAFB25BF730200D5ABA5;
			productRefGroup = C788CB0525BF730200D5ABA5 /* Products */;
			projectDirPath = "";
			projectRoot = "";
			targets = (
				C788CB0325BF730200D5ABA5 /* CoffeeShopsList */,
				C788CB1925BF730400D5ABA5 /* CoffeeShopsListTests */,
				C788CB2425BF730400D5ABA5 /* CoffeeShopsListUITests */,
			);
		};
/* End PBXProject section */

/* Begin PBXResourcesBuildPhase section */
		C788CB0225BF730200D5ABA5 /* Resources */ = {
			isa = PBXResourcesBuildPhase;
			buildActionMask = 2147483647;
			files = (
				C788CB1425BF730300D5ABA5 /* LaunchScreen.storyboard in Resources */,
				C788CB1125BF730300D5ABA5 /* Assets.xcassets in Resources */,
				C788CB0F25BF730200D5ABA5 /* Main.storyboard in Resources */,
			);
			runOnlyForDeploymentPostprocessing = 0;
		};
		C788CB1825BF730400D5ABA5 /* Resources */ = {
			isa = PBXResourcesBuildPhase;
			buildActionMask = 2147483647;
			files = (
			);
			runOnlyForDeploymentPostprocessing = 0;
		};
		C788CB2325BF730400D5ABA5 /* Resources */ = {
			isa = PBXResourcesBuildPhase;
			buildActionMask = 2147483647;
			files = (
			);
			runOnlyForDeploymentPostprocessing = 0;
		};
/* End PBXResourcesBuildPhase section */

/* Begin PBXSourcesBuildPhase section */
		C788CB0025BF730200D5ABA5 /* Sources */ = {
			isa = PBXSourcesBuildPhase;
			buildActionMask = 2147483647;
			files = (
				C788CB4D25BF740500D5ABA5 /* FoursquareModel.swift in Sources */,
				C788CB3E25BF738600D5ABA5 /* ListVC.swift in Sources */,
				C788CB0825BF730200D5ABA5 /* AppDelegate.swift in Sources */,
				C788CB5225BF743F00D5ABA5 /* ListCell.swift in Sources */,
				C788CB5725BF745B00D5ABA5 /* LocationManager.swift in Sources */,
				C788CB4825BF73E700D5ABA5 /* FoursquareClient.swift in Sources */,
				C788CB0A25BF730200D5ABA5 /* SceneDelegate.swift in Sources */,
				C788CB4325BF73C000D5ABA5 /* APIClient.swift in Sources */,
			);
			runOnlyForDeploymentPostprocessing = 0;
		};
		C788CB1625BF730400D5ABA5 /* Sources */ = {
			isa = PBXSourcesBuildPhase;
			buildActionMask = 2147483647;
			files = (
				C788CB1F25BF730400D5ABA5 /* CoffeeShopsListTests.swift in Sources */,
			);
			runOnlyForDeploymentPostprocessing = 0;
		};
		C788CB2125BF730400D5ABA5 /* Sources */ = {
			isa = PBXSourcesBuildPhase;
			buildActionMask = 2147483647;
			files = (
				C788CB2A25BF730400D5ABA5 /* CoffeeShopsListUITests.swift in Sources */,
			);
			runOnlyForDeploymentPostprocessing = 0;
		};
/* End PBXSourcesBuildPhase section */

/* Begin PBXTargetDependency section */
		C788CB1C25BF730400D5ABA5 /* PBXTargetDependency */ = {
			isa = PBXTargetDependency;
			target = C788CB0325BF730200D5ABA5 /* CoffeeShopsList */;
			targetProxy = C788CB1B25BF730400D5ABA5 /* PBXContainerItemProxy */;
		};
		C788CB2725BF730400D5ABA5 /* PBXTargetDependency */ = {
			isa = PBXTargetDependency;
			target = C788CB0325BF730200D5ABA5 /* CoffeeShopsList */;
			targetProxy = C788CB2625BF730400D5ABA5 /* PBXContainerItemProxy */;
		};
/* End PBXTargetDependency section */

/* Begin PBXVariantGroup section */
		C788CB0D25BF730200D5ABA5 /* Main.storyboard */ = {
			isa = PBXVariantGroup;
			children = (
				C788CB0E25BF730200D5ABA5 /* Base */,
			);
			name = Main.storyboard;
			sourceTree = "<group>";
		};
		C788CB1225BF730300D5ABA5 /* LaunchScreen.storyboard */ = {
			isa = PBXVariantGroup;
			children = (
				C788CB1325BF730300D5ABA5 /* Base */,
			);
			name = LaunchScreen.storyboard;
			sourceTree = "<group>";
		};
/* End PBXVariantGroup section */

/* Begin XCBuildConfiguration section */
		C788CB2C25BF730400D5ABA5 /* Debug */ = {
			isa = XCBuildConfiguration;
			buildSettings = {
				ALWAYS_SEARCH_USER_PATHS = NO;
				CLANG_ANALYZER_NONNULL = YES;
				CLANG_ANALYZER_NUMBER_OBJECT_CONVERSION = YES_AGGRESSIVE;
				CLANG_CXX_LANGUAGE_STANDARD = "gnu++14";
				CLANG_CXX_LIBRARY = "libc++";
				CLANG_ENABLE_MODULES = YES;
				CLANG_ENABLE_OBJC_ARC = YES;
				CLANG_ENABLE_OBJC_WEAK = YES;
				CLANG_WARN_BLOCK_CAPTURE_AUTORELEASING = YES;
				CLANG_WARN_BOOL_CONVERSION = YES;
				CLANG_WARN_COMMA = YES;
				CLANG_WARN_CONSTANT_CONVERSION = YES;
				CLANG_WARN_DEPRECATED_OBJC_IMPLEMENTATIONS = YES;
				CLANG_WARN_DIRECT_OBJC_ISA_USAGE = YES_ERROR;
				CLANG_WARN_DOCUMENTATION_COMMENTS = YES;
				CLANG_WARN_EMPTY_BODY = YES;
				CLANG_WARN_ENUM_CONVERSION = YES;
				CLANG_WARN_INFINITE_RECURSION = YES;
				CLANG_WARN_INT_CONVERSION = YES;
				CLANG_WARN_NON_LITERAL_NULL_CONVERSION = YES;
				CLANG_WARN_OBJC_IMPLICIT_RETAIN_SELF = YES;
				CLANG_WARN_OBJC_LITERAL_CONVERSION = YES;
				CLANG_WARN_OBJC_ROOT_CLASS = YES_ERROR;
				CLANG_WARN_QUOTED_INCLUDE_IN_FRAMEWORK_HEADER = YES;
				CLANG_WARN_RANGE_LOOP_ANALYSIS = YES;
				CLANG_WARN_STRICT_PROTOTYPES = YES;
				CLANG_WARN_SUSPICIOUS_MOVE = YES;
				CLANG_WARN_UNGUARDED_AVAILABILITY = YES_AGGRESSIVE;
				CLANG_WARN_UNREACHABLE_CODE = YES;
				CLANG_WARN__DUPLICATE_METHOD_MATCH = YES;
				COPY_PHASE_STRIP = NO;
				DEBUG_INFORMATION_FORMAT = dwarf;
				ENABLE_STRICT_OBJC_MSGSEND = YES;
				ENABLE_TESTABILITY = YES;
				GCC_C_LANGUAGE_STANDARD = gnu11;
				GCC_DYNAMIC_NO_PIC = NO;
				GCC_NO_COMMON_BLOCKS = YES;
				GCC_OPTIMIZATION_LEVEL = 0;
				GCC_PREPROCESSOR_DEFINITIONS = (
					"DEBUG=1",
					"$(inherited)",
				);
				GCC_WARN_64_TO_32_BIT_CONVERSION = YES;
				GCC_WARN_ABOUT_RETURN_TYPE = YES_ERROR;
				GCC_WARN_UNDECLARED_SELECTOR = YES;
				GCC_WARN_UNINITIALIZED_AUTOS = YES_AGGRESSIVE;
				GCC_WARN_UNUSED_FUNCTION = YES;
				GCC_WARN_UNUSED_VARIABLE = YES;
				IPHONEOS_DEPLOYMENT_TARGET = 14.3;
				MTL_ENABLE_DEBUG_INFO = INCLUDE_SOURCE;
				MTL_FAST_MATH = YES;
				ONLY_ACTIVE_ARCH = YES;
				SDKROOT = iphoneos;
				SWIFT_ACTIVE_COMPILATION_CONDITIONS = DEBUG;
				SWIFT_OPTIMIZATION_LEVEL = "-Onone";
			};
			name = Debug;
		};
		C788CB2D25BF730400D5ABA5 /* Release */ = {
			isa = XCBuildConfiguration;
			buildSettings = {
				ALWAYS_SEARCH_USER_PATHS = NO;
				CLANG_ANALYZER_NONNULL = YES;
				CLANG_ANALYZER_NUMBER_OBJECT_CONVERSION = YES_AGGRESSIVE;
				CLANG_CXX_LANGUAGE_STANDARD = "gnu++14";
				CLANG_CXX_LIBRARY = "libc++";
				CLANG_ENABLE_MODULES = YES;
				CLANG_ENABLE_OBJC_ARC = YES;
				CLANG_ENABLE_OBJC_WEAK = YES;
				CLANG_WARN_BLOCK_CAPTURE_AUTORELEASING = YES;
				CLANG_WARN_BOOL_CONVERSION = YES;
				CLANG_WARN_COMMA = YES;
				CLANG_WARN_CONSTANT_CONVERSION = YES;
				CLANG_WARN_DEPRECATED_OBJC_IMPLEMENTATIONS = YES;
				CLANG_WARN_DIRECT_OBJC_ISA_USAGE = YES_ERROR;
				CLANG_WARN_DOCUMENTATION_COMMENTS = YES;
				CLANG_WARN_EMPTY_BODY = YES;
				CLANG_WARN_ENUM_CONVERSION = YES;
				CLANG_WARN_INFINITE_RECURSION = YES;
				CLANG_WARN_INT_CONVERSION = YES;
				CLANG_WARN_NON_LITERAL_NULL_CONVERSION = YES;
				CLANG_WARN_OBJC_IMPLICIT_RETAIN_SELF = YES;
				CLANG_WARN_OBJC_LITERAL_CONVERSION = YES;
				CLANG_WARN_OBJC_ROOT_CLASS = YES_ERROR;
				CLANG_WARN_QUOTED_INCLUDE_IN_FRAMEWORK_HEADER = YES;
				CLANG_WARN_RANGE_LOOP_ANALYSIS = YES;
				CLANG_WARN_STRICT_PROTOTYPES = YES;
				CLANG_WARN_SUSPICIOUS_MOVE = YES;
				CLANG_WARN_UNGUARDED_AVAILABILITY = YES_AGGRESSIVE;
				CLANG_WARN_UNREACHABLE_CODE = YES;
				CLANG_WARN__DUPLICATE_METHOD_MATCH = YES;
				COPY_PHASE_STRIP = NO;
				DEBUG_INFORMATION_FORMAT = "dwarf-with-dsym";
				ENABLE_NS_ASSERTIONS = NO;
				ENABLE_STRICT_OBJC_MSGSEND = YES;
				GCC_C_LANGUAGE_STANDARD = gnu11;
				GCC_NO_COMMON_BLOCKS = YES;
				GCC_WARN_64_TO_32_BIT_CONVERSION = YES;
				GCC_WARN_ABOUT_RETURN_TYPE = YES_ERROR;
				GCC_WARN_UNDECLARED_SELECTOR = YES;
				GCC_WARN_UNINITIALIZED_AUTOS = YES_AGGRESSIVE;
				GCC_WARN_UNUSED_FUNCTION = YES;
				GCC_WARN_UNUSED_VARIABLE = YES;
				IPHONEOS_DEPLOYMENT_TARGET = 14.3;
				MTL_ENABLE_DEBUG_INFO = NO;
				MTL_FAST_MATH = YES;
				SDKROOT = iphoneos;
				SWIFT_COMPILATION_MODE = wholemodule;
				SWIFT_OPTIMIZATION_LEVEL = "-O";
				VALIDATE_PRODUCT = YES;
			};
			name = Release;
		};
		C788CB2F25BF730400D5ABA5 /* Debug */ = {
			isa = XCBuildConfiguration;
			buildSettings = {
				ASSETCATALOG_COMPILER_APPICON_NAME = AppIcon;
				ASSETCATALOG_COMPILER_GLOBAL_ACCENT_COLOR_NAME = AccentColor;
				CODE_SIGN_STYLE = Automatic;
				DEVELOPMENT_TEAM = 7HT287C29S;
				INFOPLIST_FILE = CoffeeShopsList/Info.plist;
				LD_RUNPATH_SEARCH_PATHS = (
					"$(inherited)",
					"@executable_path/Frameworks",
				);
				PRODUCT_BUNDLE_IDENTIFIER = uk.co.rdisoftware.www.CoffeeShopsList;
				PRODUCT_NAME = "$(TARGET_NAME)";
				SWIFT_VERSION = 5.0;
				TARGETED_DEVICE_FAMILY = "1,2";
			};
			name = Debug;
		};
		C788CB3025BF730400D5ABA5 /* Release */ = {
			isa = XCBuildConfiguration;
			buildSettings = {
				ASSETCATALOG_COMPILER_APPICON_NAME = AppIcon;
				ASSETCATALOG_COMPILER_GLOBAL_ACCENT_COLOR_NAME = AccentColor;
				CODE_SIGN_STYLE = Automatic;
				DEVELOPMENT_TEAM = 7HT287C29S;
				INFOPLIST_FILE = CoffeeShopsList/Info.plist;
				LD_RUNPATH_SEARCH_PATHS = (
					"$(inherited)",
					"@executable_path/Frameworks",
				);
				PRODUCT_BUNDLE_IDENTIFIER = uk.co.rdisoftware.www.CoffeeShopsList;
				PRODUCT_NAME = "$(TARGET_NAME)";
				SWIFT_VERSION = 5.0;
				TARGETED_DEVICE_FAMILY = "1,2";
			};
			name = Release;
		};
		C788CB3225BF730400D5ABA5 /* Debug */ = {
			isa = XCBuildConfiguration;
			buildSettings = {
				ALWAYS_EMBED_SWIFT_STANDARD_LIBRARIES = YES;
				BUNDLE_LOADER = "$(TEST_HOST)";
				CODE_SIGN_STYLE = Automatic;
				DEVELOPMENT_TEAM = 7HT287C29S;
				INFOPLIST_FILE = CoffeeShopsListTests/Info.plist;
				IPHONEOS_DEPLOYMENT_TARGET = 14.3;
				LD_RUNPATH_SEARCH_PATHS = (
					"$(inherited)",
					"@executable_path/Frameworks",
					"@loader_path/Frameworks",
				);
				PRODUCT_BUNDLE_IDENTIFIER = uk.co.rdisoftware.www.CoffeeShopsListTests;
				PRODUCT_NAME = "$(TARGET_NAME)";
				SWIFT_VERSION = 5.0;
				TARGETED_DEVICE_FAMILY = "1,2";
				TEST_HOST = "$(BUILT_PRODUCTS_DIR)/CoffeeShopsList.app/CoffeeShopsList";
			};
			name = Debug;
		};
		C788CB3325BF730400D5ABA5 /* Release */ = {
			isa = XCBuildConfiguration;
			buildSettings = {
				ALWAYS_EMBED_SWIFT_STANDARD_LIBRARIES = YES;
				BUNDLE_LOADER = "$(TEST_HOST)";
				CODE_SIGN_STYLE = Automatic;
				DEVELOPMENT_TEAM = 7HT287C29S;
				INFOPLIST_FILE = CoffeeShopsListTests/Info.plist;
				IPHONEOS_DEPLOYMENT_TARGET = 14.3;
				LD_RUNPATH_SEARCH_PATHS = (
					"$(inherited)",
					"@executable_path/Frameworks",
					"@loader_path/Frameworks",
				);
				PRODUCT_BUNDLE_IDENTIFIER = uk.co.rdisoftware.www.CoffeeShopsListTests;
				PRODUCT_NAME = "$(TARGET_NAME)";
				SWIFT_VERSION = 5.0;
				TARGETED_DEVICE_FAMILY = "1,2";
				TEST_HOST = "$(BUILT_PRODUCTS_DIR)/CoffeeShopsList.app/CoffeeShopsList";
			};
			name = Release;
		};
		C788CB3525BF730400D5ABA5 /* Debug */ = {
			isa = XCBuildConfiguration;
			buildSettings = {
				ALWAYS_EMBED_SWIFT_STANDARD_LIBRARIES = YES;
				CODE_SIGN_STYLE = Automatic;
				DEVELOPMENT_TEAM = 7HT287C29S;
				INFOPLIST_FILE = CoffeeShopsListUITests/Info.plist;
				LD_RUNPATH_SEARCH_PATHS = (
					"$(inherited)",
					"@executable_path/Frameworks",
					"@loader_path/Frameworks",
				);
				PRODUCT_BUNDLE_IDENTIFIER = uk.co.rdisoftware.www.CoffeeShopsListUITests;
				PRODUCT_NAME = "$(TARGET_NAME)";
				SWIFT_VERSION = 5.0;
				TARGETED_DEVICE_FAMILY = "1,2";
				TEST_TARGET_NAME = CoffeeShopsList;
			};
			name = Debug;
		};
		C788CB3625BF730400D5ABA5 /* Release */ = {
			isa = XCBuildConfiguration;
			buildSettings = {
				ALWAYS_EMBED_SWIFT_STANDARD_LIBRARIES = YES;
				CODE_SIGN_STYLE = Automatic;
				DEVELOPMENT_TEAM = 7HT287C29S;
				INFOPLIST_FILE = CoffeeShopsListUITests/Info.plist;
				LD_RUNPATH_SEARCH_PATHS = (
					"$(inherited)",
					"@executable_path/Frameworks",
					"@loader_path/Frameworks",
				);
				PRODUCT_BUNDLE_IDENTIFIER = uk.co.rdisoftware.www.CoffeeShopsListUITests;
				PRODUCT_NAME = "$(TARGET_NAME)";
				SWIFT_VERSION = 5.0;
				TARGETED_DEVICE_FAMILY = "1,2";
				TEST_TARGET_NAME = CoffeeShopsList;
			};
			name = Release;
		};
/* End XCBuildConfiguration section */

/* Begin XCConfigurationList section */
		C788CAFF25BF730200D5ABA5 /* Build configuration list for PBXProject "CoffeeShopsList" */ = {
			isa = XCConfigurationList;
			buildConfigurations = (
				C788CB2C25BF730400D5ABA5 /* Debug */,
				C788CB2D25BF730400D5ABA5 /* Release */,
			);
			defaultConfigurationIsVisible = 0;
			defaultConfigurationName = Release;
		};
		C788CB2E25BF730400D5ABA5 /* Build configuration list for PBXNativeTarget "CoffeeShopsList" */ = {
			isa = XCConfigurationList;
			buildConfigurations = (
				C788CB2F25BF730400D5ABA5 /* Debug */,
				C788CB3025BF730400D5ABA5 /* Release */,
			);
			defaultConfigurationIsVisible = 0;
			defaultConfigurationName = Release;
		};
		C788CB3125BF730400D5ABA5 /* Build configuration list for PBXNativeTarget "CoffeeShopsListTests" */ = {
			isa = XCConfigurationList;
			buildConfigurations = (
				C788CB3225BF730400D5ABA5 /* Debug */,
				C788CB3325BF730400D5ABA5 /* Release */,
			);
			defaultConfigurationIsVisible = 0;
			defaultConfigurationName = Release;
		};
		C788CB3425BF730400D5ABA5 /* Build configuration list for PBXNativeTarget "CoffeeShopsListUITests" */ = {
			isa = XCConfigurationList;
			buildConfigurations = (
				C788CB3525BF730400D5ABA5 /* Debug */,
				C788CB3625BF730400D5ABA5 /* Release */,
			);
			defaultConfigurationIsVisible = 0;
			defaultConfigurationName = Release;
		};
/* End XCConfigurationList section */
	};
	rootObject = C788CAFC25BF730200D5ABA5 /* Project object */;
}
